
Microsoft Visual Studio Solution File, Format Version 12.00
# Visual Studio Version 17
VisualStudioVersion = 17.2.32526.322
MinimumVisualStudioVersion = 10.0.40219.1
Project("{FAE04EC0-301F-11D3-BF4B-00C04F79EFBC}") = "EmpWageComp", "EmpWageComp.csproj", "{1C61E461-9B4D-4C16-B071-7D7CC6A5E965}"
EndProject
Global
	GlobalSection(SolutionConfigurationPlatforms) = preSolution
		Debug|Any CPU = Debug|Any CPU
		Release|Any CPU = Release|Any CPU
	EndGlobalSection
	GlobalSection(ProjectConfigurationPlatforms) = postSolution
		{1C61E461-9B4D-4C16-B071-7D7CC6A5E965}.Debug|Any CPU.ActiveCfg = Debug|Any CPU
		{1C61E461-9B4D-4C16-B071-7D7CC6A5E965}.Debug|Any CPU.Build.0 = Debug|Any CPU
		{1C61E461-9B4D-4C16-B071-7D7CC6A5E965}.Release|Any CPU.ActiveCfg = Release|Any CPU
		{1C61E461-9B4D-4C16-B071-7D7CC6A5E965}.Release|Any CPU.Build.0 = Release|Any CPU
	EndGlobalSection
	GlobalSection(SolutionProperties) = preSolution
		HideSolutionNode = FALSE
	EndGlobalSection
	GlobalSection(ExtensibilityGlobals) = postSolution
		SolutionGuid = {811A0722-BEA4-4DAA-89A3-BEFC01EB3935}
	EndGlobalSection
EndGlobal
